github.com/joho/godotenv v1.5.1 h1:7eLL/+HRGLY0ldzfGMeQkb7vMd0as4CfYvUVzLqw0N0=
github.com/joho/godotenv v1.5.1/go.mod h1:f4LDr5Voq0i2e/R5DDNOoa2zzDfwtkZa6DnEwAbqwq4=
github.com/xyproto/unzip v0.0.0-20150601123358-823950573952 h1:pCgYs8AOzRpEmdM55hrSnd+TZOr+1/m9Y9KkFIZPwiU=
github.com/xyproto/unzip v0.0.0-20150601123358-823950573952/go.mod h1:ygEdojOpwX5uG71ECHji5sod2rpZ+9hqNeAZD50S84Q=
